
Microsoft Visual Studio Solution File, Format Version 12.00
# Visual Studio Version 17
VisualStudioVersion = 17.2.32616.157
MinimumVisualStudioVersion = 10.0.40219.1
Project("{9A19103F-16F7-4668-BE54-9A1E7A4F7556}") = "BlogAPI", "BlogAPI\BlogAPI.csproj", "{BB6BB0E2-7C97-4B92-9DD6-0856AB81A3CD}"
EndProject
Project("{9A19103F-16F7-4668-BE54-9A1E7A4F7556}") = "BlogTeste", "BlogTeste\BlogTeste.csproj", "{A87DAEF9-C372-445E-8530-5E88BD853A32}"
EndProject
Global
	GlobalSection(SolutionConfigurationPlatforms) = preSolution
		Debug|Any CPU = Debug|Any CPU
		Release|Any CPU = Release|Any CPU
	EndGlobalSection
	GlobalSection(ProjectConfigurationPlatforms) = postSolution
		{BB6BB0E2-7C97-4B92-9DD6-0856AB81A3CD}.Debug|Any CPU.ActiveCfg = Debug|Any CPU
		{BB6BB0E2-7C97-4B92-9DD6-0856AB81A3CD}.Debug|Any CPU.Build.0 = Debug|Any CPU
		{BB6BB0E2-7C97-4B92-9DD6-0856AB81A3CD}.Release|Any CPU.ActiveCfg = Release|Any CPU
		{BB6BB0E2-7C97-4B92-9DD6-0856AB81A3CD}.Release|Any CPU.Build.0 = Release|Any CPU
		{A87DAEF9-C372-445E-8530-5E88BD853A32}.Debug|Any CPU.ActiveCfg = Debug|Any CPU
		{A87DAEF9-C372-445E-8530-5E88BD853A32}.Debug|Any CPU.Build.0 = Debug|Any CPU
		{A87DAEF9-C372-445E-8530-5E88BD853A32}.Release|Any CPU.ActiveCfg = Release|Any CPU
		{A87DAEF9-C372-445E-8530-5E88BD853A32}.Release|Any CPU.Build.0 = Release|Any CPU
	EndGlobalSection
	GlobalSection(SolutionProperties) = preSolution
		HideSolutionNode = FALSE
	EndGlobalSection
	GlobalSection(ExtensibilityGlobals) = postSolution
		SolutionGuid = {B1DD7270-FB79-4083-AD40-230657818E44}
	EndGlobalSection
EndGlobal
